
Microsoft Visual Studio Solution File, Format Version 12.00
Project("{FAE04EC0-301F-11D3-BF4B-00C04F79EFBC}") = "lab4", "lab4\lab4.csproj", "{53D87336-84EA-4BB5-BA5F-0DF5DE6C54DE}"
EndProject
Global
	GlobalSection(SolutionConfigurationPlatforms) = preSolution
		Debug|Any CPU = Debug|Any CPU
		Release|Any CPU = Release|Any CPU
	EndGlobalSection
	GlobalSection(ProjectConfigurationPlatforms) = postSolution
		{53D87336-84EA-4BB5-BA5F-0DF5DE6C54DE}.Debug|Any CPU.ActiveCfg = Debug|Any CPU
		{53D87336-84EA-4BB5-BA5F-0DF5DE6C54DE}.Debug|Any CPU.Build.0 = Debug|Any CPU
		{53D87336-84EA-4BB5-BA5F-0DF5DE6C54DE}.Release|Any CPU.ActiveCfg = Release|Any CPU
		{53D87336-84EA-4BB5-BA5F-0DF5DE6C54DE}.Release|Any CPU.Build.0 = Release|Any CPU
	EndGlobalSection
EndGlobal
